<?xml version="1.0" encoding="utf-8"?>
<Project ToolsVersion="4.0" xmlns="http://schemas.microsoft.com/developer/msbuild/2003">
  <ItemGroup>
    <Filter Include="Source Files">
      <UniqueIdentifier>{4FC737F1-C7A5-4376-A066-2A32D752A2FF}</UniqueIdentifier>
      <Extensions>cpp;c;cc;cxx;c++;cppm;ixx;def;odl;idl;hpj;bat;asm;asmx</Extensions>
    </Filter>
    <Filter Include="Header Files">
      <UniqueIdentifier>{93995380-89BD-4b04-88EB-625FBE52EBFB}</UniqueIdentifier>
      <Extensions>h;hh;hpp;hxx;h++;hm;inl;inc;ipp;xsd</Extensions>
    </Filter>
    <Filter Include="Resource Files">
      <UniqueIdentifier>{67DA6AB6-F800-4c08-8B7A-83BB121AAD01}</UniqueIdentifier>
      <Extensions>rc;ico;cur;bmp;dlg;rc2;rct;bin;rgs;gif;jpg;jpeg;jpe;resx;tiff;tif;png;wav;mfcribbon-ms</Extensions>
    </Filter>
    <Filter Include="Source Files\rbx">
      <UniqueIdentifier>{11277c6d-a300-45d7-9367-e21ab33ee195}</UniqueIdentifier>
    </Filter>
    <Filter Include="Source Files\rbx\studio">
      <UniqueIdentifier>{c470f4f4-2be3-4028-b7eb-47417b33c46a}</UniqueIdentifier>
    </Filter>
    <Filter Include="Source Files\rbx\game">
      <UniqueIdentifier>{b7122695-6c7a-4dbd-84d8-1de9c0e0eaf7}</UniqueIdentifier>
    </Filter>
    <Filter Include="Source Files\rbx\game\services">
      <UniqueIdentifier>{b7045f35-4a3f-449e-a96b-ea83423fa635}</UniqueIdentifier>
    </Filter>
    <Filter Include="Source Files\rbx\game\services\network">
      <UniqueIdentifier>{a0f957b7-38c9-481a-be8c-8cb636d39a58}</UniqueIdentifier>
    </Filter>
    <Filter Include="Header Files\studio">
      <UniqueIdentifier>{263114d9-0cff-4255-835f-7b52eb881f1f}</UniqueIdentifier>
    </Filter>
    <Filter Include="Header Files\game">
      <UniqueIdentifier>{c642c43f-1000-42f1-a192-1f8fa88e04bf}</UniqueIdentifier>
    </Filter>
    <Filter Include="Header Files\game\content">
      <UniqueIdentifier>{2f3b6edf-e7c3-4f28-99c7-9427e39da3b7}</UniqueIdentifier>
    </Filter>
    <Filter Include="Header Files\game\network">
      <UniqueIdentifier>{0f527ec9-69b6-477b-ab89-53949d920b18}</UniqueIdentifier>
    </Filter>
    <Filter Include="Header Files\game\network\def">
      <UniqueIdentifier>{2b0a23a1-b7e4-46f3-ad6f-f1b27f443951}</UniqueIdentifier>
    </Filter>
    <Filter Include="Header Files\game\network\guid">
      <UniqueIdentifier>{c5091eb5-123a-4276-9cea-e7f6138b667d}</UniqueIdentifier>
    </Filter>
    <Filter Include="Header Files\game\network\replication">
      <UniqueIdentifier>{8137b1b9-14e2-4276-8b90-8f89f487378f}</UniqueIdentifier>
    </Filter>
    <Filter Include="Header Files\game\objects">
      <UniqueIdentifier>{c8d09ff2-6d3f-4ea6-8edf-7f476b790048}</UniqueIdentifier>
    </Filter>
    <Filter Include="Header Files\game\objects\hopperbins">
      <UniqueIdentifier>{f96b2a24-8f65-446d-b1c6-94b1d3abeaee}</UniqueIdentifier>
    </Filter>
    <Filter Include="Header Files\game\objects\joints">
      <UniqueIdentifier>{a649a1d7-5bda-44a0-b23b-493e6d7154f8}</UniqueIdentifier>
    </Filter>
    <Filter Include="Header Files\game\objects\enums">
      <UniqueIdentifier>{845da405-b12b-4536-b3d5-219299471967}</UniqueIdentifier>
    </Filter>
    <Filter Include="Header Files\game\reflection">
      <UniqueIdentifier>{518357b2-4a3e-4cd2-a145-18f345544718}</UniqueIdentifier>
    </Filter>
    <Filter Include="Header Files\game\rendering">
      <UniqueIdentifier>{fb1a85cf-f3d5-427e-bc02-12d600219102}</UniqueIdentifier>
    </Filter>
    <Filter Include="Header Files\game\rendering\decals">
      <UniqueIdentifier>{7da73b67-cb17-4855-bd7a-fbf6348f1950}</UniqueIdentifier>
    </Filter>
    <Filter Include="Header Files\game\rendering\gui">
      <UniqueIdentifier>{96c77fa9-d00b-4757-a781-389379d49bca}</UniqueIdentifier>
    </Filter>
    <Filter Include="Header Files\game\rendering\gui\mouse">
      <UniqueIdentifier>{6044f3db-ccf9-4cde-aab0-53249c456cc4}</UniqueIdentifier>
    </Filter>
    <Filter Include="Header Files\game\rendering\objects">
      <UniqueIdentifier>{a7ad6bb3-d916-424d-a017-196e1528df73}</UniqueIdentifier>
    </Filter>
    <Filter Include="Header Files\game\rendering\offscreen">
      <UniqueIdentifier>{847c621d-7484-466b-80b3-7e999952cbec}</UniqueIdentifier>
    </Filter>
    <Filter Include="Header Files\game\services">
      <UniqueIdentifier>{1aa7e503-b5a0-46c5-9dd0-be8a8bb088a2}</UniqueIdentifier>
    </Filter>
    <Filter Include="Header Files\game\services\lua">
      <UniqueIdentifier>{0984d12e-a178-40c9-b2be-94bc85879bd0}</UniqueIdentifier>
    </Filter>
    <Filter Include="Header Files\game\lua">
      <UniqueIdentifier>{4cadd160-e539-4620-bd28-4134361d06b8}</UniqueIdentifier>
    </Filter>
    <Filter Include="Header Files\game\services\virtual">
      <UniqueIdentifier>{e851f478-15aa-4606-aed0-94b8574b33ce}</UniqueIdentifier>
    </Filter>
    <Filter Include="Header Files\dep">
      <UniqueIdentifier>{3538588c-39c7-43d8-84f9-9f37d61be974}</UniqueIdentifier>
    </Filter>
    <Filter Include="Header Files\game\app">
      <UniqueIdentifier>{b2aeb5ff-e4b0-441d-884b-8ff3ecc02f45}</UniqueIdentifier>
    </Filter>
    <Filter Include="Source Files\rbx\game\services\hopperbins">
      <UniqueIdentifier>{c4a48fe5-909f-4b70-8202-5a22b5b76684}</UniqueIdentifier>
    </Filter>
    <Filter Include="Source Files\rbx\game\services\reflection">
      <UniqueIdentifier>{15252e7c-327d-48bc-89a5-febe87d9b3c3}</UniqueIdentifier>
    </Filter>
    <Filter Include="Source Files\rbx\game\menus">
      <UniqueIdentifier>{2f1fcc1c-9039-4d3b-91e6-3e3871b5dbc0}</UniqueIdentifier>
    </Filter>
    <Filter Include="Source Files\rbx\game\gui">
      <UniqueIdentifier>{a57d1f60-de37-429f-af93-9e0af6d5059e}</UniqueIdentifier>
    </Filter>
    <Filter Include="Source Files\rbx\game\app">
      <UniqueIdentifier>{b167a5ac-8deb-461a-beca-626dbdedccad}</UniqueIdentifier>
    </Filter>
    <Filter Include="Source Files\rbx\game\services\physics">
      <UniqueIdentifier>{5b880678-d947-43ce-8bb0-3604436bfbe9}</UniqueIdentifier>
    </Filter>
    <Filter Include="Source Files\rbx\game\lua">
      <UniqueIdentifier>{82e0181b-c35e-4543-8b70-ab69074e7fb3}</UniqueIdentifier>
    </Filter>
    <Filter Include="Source Files\dep">
      <UniqueIdentifier>{9a90b68d-4341-4b20-a34d-d290743f734d}</UniqueIdentifier>
    </Filter>
    <Filter Include="Source Files\dep\lua">
      <UniqueIdentifier>{cf23b88f-72e6-4da8-942a-b2d02ad0fb01}</UniqueIdentifier>
    </Filter>
    <Filter Include="Source Files\rbx\game\services\rendering">
      <UniqueIdentifier>{65a65464-efd3-4391-a150-c76e702581b4}</UniqueIdentifier>
    </Filter>
    <Filter Include="Source Files\rbx\game\services\thinkers">
      <UniqueIdentifier>{0ee9eb15-ef6a-4b9a-a7b3-f9c1d2fee311}</UniqueIdentifier>
    </Filter>
    <Filter Include="Source Files\rbx\game\services\rendering\offscreen">
      <UniqueIdentifier>{6ec0497e-4cd7-474a-bc53-ebf03a1c3f18}</UniqueIdentifier>
    </Filter>
    <Filter Include="Source Files\rbx\game\app\window">
      <UniqueIdentifier>{0f0acf1e-4670-4c7b-9d77-37d8152390e5}</UniqueIdentifier>
    </Filter>
    <Filter Include="Source Files\rbx\game\services\thinkers\world">
      <UniqueIdentifier>{18efd9f6-fa38-4f8f-9b1a-aabe420c3713}</UniqueIdentifier>
    </Filter>
    <Filter Include="Source Files\rbx\game\services\thinkers\ctrl">
      <UniqueIdentifier>{563c6af2-5632-49dd-95af-b215063c17db}</UniqueIdentifier>
    </Filter>
  </ItemGroup>
  <ItemGroup>
    <ClInclude Include="pch.h">
      <Filter>Header Files</Filter>
    </ClInclude>
    <ClInclude Include="ChildFrm.h">
      <Filter>Header Files\studio</Filter>
    </ClInclude>
    <ClInclude Include="ViewTree.h">
      <Filter>Header Files\studio</Filter>
    </ClInclude>
    <ClInclude Include="targetver.h">
      <Filter>Header Files\studio</Filter>
    </ClInclude>
    <ClInclude Include="supergurymfcView.h">
      <Filter>Header Files\studio</Filter>
    </ClInclude>
    <ClInclude Include="supergurymfcDoc.h">
      <Filter>Header Files\studio</Filter>
    </ClInclude>
    <ClInclude Include="supergurymfc.h">
      <Filter>Header Files\studio</Filter>
    </ClInclude>
    <ClInclude Include="Resource.h">
      <Filter>Header Files\studio</Filter>
    </ClInclude>
    <ClInclude Include="OutputWnd.h">
      <Filter>Header Files\studio</Filter>
    </ClInclude>
    <ClInclude Include="PropertiesWnd.h">
      <Filter>Header Files\studio</Filter>
    </ClInclude>
    <ClInclude Include="MainFrm.h">
      <Filter>Header Files\studio</Filter>
    </ClInclude>
    <ClInclude Include="ClassView.h">
      <Filter>Header Files\studio</Filter>
    </ClInclude>
    <ClInclude Include="content.h">
      <Filter>Header Files\game\content</Filter>
    </ClInclude>
    <ClInclude Include="guid.h">
      <Filter>Header Files\game\network\guid</Filter>
    </ClInclude>
    <ClInclude Include="rbx_identifiers.h">
      <Filter>Header Files\game\network\def</Filter>
    </ClInclude>
    <ClInclude Include="idserializer.h">
      <Filter>Header Files\game\network</Filter>
    </ClInclude>
    <ClInclude Include="replicator.h">
      <Filter>Header Files\game\network\replication</Filter>
    </ClInclude>
    <ClInclude Include="networkclient.h">
      <Filter>Header Files\game\network</Filter>
    </ClInclude>
    <ClInclude Include="joints.h">
      <Filter>Header Files\game\objects\joints</Filter>
    </ClInclude>
    <ClInclude Include="motor.h">
      <Filter>Header Files\game\objects\joints</Filter>
    </ClInclude>
    <ClInclude Include="snaps.h">
      <Filter>Header Files\game\objects\joints</Filter>
    </ClInclude>
    <ClInclude Include="hinge.h">
      <Filter>Header Files\game\objects\joints</Filter>
    </ClInclude>
    <ClInclude Include="gametool.h">
      <Filter>Header Files\game\objects\hopperbins</Filter>
    </ClInclude>
    <ClInclude Include="hopperbin.h">
      <Filter>Header Files\game\objects\hopperbins</Filter>
    </ClInclude>
    <ClInclude Include="clonebin.h">
      <Filter>Header Files\game\objects\hopperbins</Filter>
    </ClInclude>
    <ClInclude Include="extents.h">
      <Filter>Header Files\game\objects</Filter>
    </ClInclude>
    <ClInclude Include="instance.h">
      <Filter>Header Files\game\objects</Filter>
    </ClInclude>
    <ClInclude Include="ray.h">
      <Filter>Header Files\game\objects</Filter>
    </ClInclude>
    <ClInclude Include="workspace.h">
      <Filter>Header Files\game\objects</Filter>
    </ClInclude>
    <ClInclude Include="brickcolor.h">
      <Filter>Header Files\game\reflection</Filter>
    </ClInclude>
    <ClInclude Include="enum.h">
      <Filter>Header Files\game\reflection</Filter>
    </ClInclude>
    <ClInclude Include="property.h">
      <Filter>Header Files\game\reflection</Filter>
    </ClInclude>
    <ClInclude Include="oscontext.h">
      <Filter>Header Files\game\rendering\offscreen</Filter>
    </ClInclude>
    <ClInclude Include="pvinstance.h">
      <Filter>Header Files\game\rendering</Filter>
    </ClInclude>
    <ClInclude Include="scene.h">
      <Filter>Header Files\game\rendering</Filter>
    </ClInclude>
    <ClInclude Include="view.h">
      <Filter>Header Files\game\rendering</Filter>
    </ClInclude>
    <ClInclude Include="mesh.h">
      <Filter>Header Files\game\rendering\objects</Filter>
    </ClInclude>
    <ClInclude Include="model.h">
      <Filter>Header Files\game\rendering\objects</Filter>
    </ClInclude>
    <ClInclude Include="part.h">
      <Filter>Header Files\game\rendering\objects</Filter>
    </ClInclude>
    <ClInclude Include="GuiRoot.h">
      <Filter>Header Files\game\rendering\gui</Filter>
    </ClInclude>
    <ClInclude Include="Mouse.h">
      <Filter>Header Files\game\rendering\gui\mouse</Filter>
    </ClInclude>
    <ClInclude Include="decal.h">
      <Filter>Header Files\game\rendering\decals</Filter>
    </ClInclude>
    <ClInclude Include="backpack.h">
      <Filter>Header Files\game\services</Filter>
    </ClInclude>
    <ClInclude Include="controller.h">
      <Filter>Header Files\game\services</Filter>
    </ClInclude>
    <ClInclude Include="crashreporter.h">
      <Filter>Header Files\game\services</Filter>
    </ClInclude>
    <ClInclude Include="datamodel.h">
      <Filter>Header Files\game\services</Filter>
    </ClInclude>
    <ClInclude Include="humanoid.h">
      <Filter>Header Files\game\services</Filter>
    </ClInclude>
    <ClInclude Include="jointservice.h">
      <Filter>Header Files\game\services</Filter>
    </ClInclude>
    <ClInclude Include="keyboard.h">
      <Filter>Header Files\game\services</Filter>
    </ClInclude>
    <ClInclude Include="lighting.h">
      <Filter>Header Files\game\services</Filter>
    </ClInclude>
    <ClInclude Include="log.h">
      <Filter>Header Files\game\services</Filter>
    </ClInclude>
    <ClInclude Include="players.h">
      <Filter>Header Files\game\services</Filter>
    </ClInclude>
    <ClInclude Include="rightkeyboard.h">
      <Filter>Header Files\game\services</Filter>
    </ClInclude>
    <ClInclude Include="runservice.h">
      <Filter>Header Files\game\services</Filter>
    </ClInclude>
    <ClInclude Include="scriptcontext.h">
      <Filter>Header Files\game\services</Filter>
    </ClInclude>
    <ClInclude Include="selection.h">
      <Filter>Header Files\game\services</Filter>
    </ClInclude>
    <ClInclude Include="service.h">
      <Filter>Header Files\game\services</Filter>
    </ClInclude>
    <ClInclude Include="sounds.h">
      <Filter>Header Files\game\services</Filter>
    </ClInclude>
    <ClInclude Include="stdout.h">
      <Filter>Header Files\game\services</Filter>
    </ClInclude>
    <ClInclude Include="strings.h">
      <Filter>Header Files\game\services</Filter>
    </ClInclude>
    <ClInclude Include="thumbnailGenerator.h">
      <Filter>Header Files\game\services</Filter>
    </ClInclude>
    <ClInclude Include="yieldingthreads.h">
      <Filter>Header Files\game\services\lua</Filter>
    </ClInclude>
    <ClInclude Include="luabridge.h">
      <Filter>Header Files\game\lua</Filter>
    </ClInclude>
    <ClInclude Include="camera.h">
      <Filter>Header Files\game\services</Filter>
    </ClInclude>
    <ClInclude Include="ISteppable.h">
      <Filter>Header Files\game\services\virtual</Filter>
    </ClInclude>
    <ClInclude Include="IRenderable.h">
      <Filter>Header Files\game\services\virtual</Filter>
    </ClInclude>
    <ClInclude Include="ICameraOwner.h">
      <Filter>Header Files\game\services\virtual</Filter>
    </ClInclude>
    <ClInclude Include="pvenums.h">
      <Filter>Header Files\game\objects\enums</Filter>
    </ClInclude>
    <ClInclude Include="bitstreamHelp.h">
      <Filter>Header Files\dep</Filter>
    </ClInclude>
    <ClInclude Include="bthelp.h">
      <Filter>Header Files\dep</Filter>
    </ClInclude>
    <ClInclude Include="classes.h">
      <Filter>Header Files\game</Filter>
    </ClInclude>
    <ClInclude Include="application.h">
      <Filter>Header Files\game\app</Filter>
    </ClInclude>
    <ClInclude Include="documentManager.h">
      <Filter>Header Files\game\app</Filter>
    </ClInclude>
    <ClInclude Include="framework.h">
      <Filter>Header Files\studio</Filter>
    </ClInclude>
    <ClInclude Include="instancebridge.h">
      <Filter>Header Files\game\lua</Filter>
    </ClInclude>
    <ClInclude Include="rbx.h">
      <Filter>Header Files\game</Filter>
    </ClInclude>
    <ClInclude Include="rbxwindow.h">
      <Filter>Header Files\game</Filter>
    </ClInclude>
    <ClInclude Include="rbxmath.h">
      <Filter>Header Files\game</Filter>
    </ClInclude>
    <ClInclude Include="md5.h">
      <Filter>Header Files\dep</Filter>
    </ClInclude>
    <ClInclude Include="decode.h">
      <Filter>Header Files</Filter>
    </ClInclude>
    <ClInclude Include="encode.h">
      <Filter>Header Files</Filter>
    </ClInclude>
    <ClInclude Include="soundservice.h">
      <Filter>Header Files\game\services</Filter>
    </ClInclude>
    <ClInclude Include="ISelectable.h">
      <Filter>Header Files\game\services\virtual</Filter>
    </ClInclude>
    <ClInclude Include="surfaceFactory.h">
      <Filter>Header Files\game\rendering\decals</Filter>
    </ClInclude>
    <ClInclude Include="CInsertObjectDlg.h">
      <Filter>Header Files</Filter>
    </ClInclude>
    <ClInclude Include="CCommandBar.h">
      <Filter>Header Files</Filter>
    </ClInclude>
  </ItemGroup>
  <ItemGroup>
    <ClCompile Include="ChildFrm.cpp">
      <Filter>Source Files\rbx\studio</Filter>
    </ClCompile>
    <ClCompile Include="ClassView.cpp">
      <Filter>Source Files\rbx\studio</Filter>
    </ClCompile>
    <ClCompile Include="MainFrm.cpp">
      <Filter>Source Files\rbx\studio</Filter>
    </ClCompile>
    <ClCompile Include="OutputWnd.cpp">
      <Filter>Source Files\rbx\studio</Filter>
    </ClCompile>
    <ClCompile Include="pch.cpp">
      <Filter>Source Files\rbx\studio</Filter>
    </ClCompile>
    <ClCompile Include="PropertiesWnd.cpp">
      <Filter>Source Files\rbx\studio</Filter>
    </ClCompile>
    <ClCompile Include="supergurymfc.cpp">
      <Filter>Source Files\rbx\studio</Filter>
    </ClCompile>
    <ClCompile Include="supergurymfcDoc.cpp">
      <Filter>Source Files\rbx\studio</Filter>
    </ClCompile>
    <ClCompile Include="supergurymfcView.cpp">
      <Filter>Source Files\rbx\studio</Filter>
    </ClCompile>
    <ClCompile Include="ViewTree.cpp">
      <Filter>Source Files\rbx\studio</Filter>
    </ClCompile>
    <ClCompile Include="networkclient.cpp">
      <Filter>Source Files\rbx\game\services\network</Filter>
    </ClCompile>
    <ClCompile Include="replicator.cpp">
      <Filter>Source Files\rbx\game\services\network</Filter>
    </ClCompile>
    <ClCompile Include="serializer.h">
      <Filter>Header Files\game\services</Filter>
    </ClCompile>
    <ClCompile Include="camera.cpp">
      <Filter>Source Files\rbx\game\services</Filter>
    </ClCompile>
    <ClCompile Include="backpack.cpp">
      <Filter>Source Files\rbx\game\services</Filter>
    </ClCompile>
    <ClCompile Include="backpackItem.cpp">
      <Filter>Source Files\rbx\game\services</Filter>
    </ClCompile>
    <ClCompile Include="camera_utils.cpp">
      <Filter>Source Files\rbx\game\services</Filter>
    </ClCompile>
    <ClCompile Include="clonebin.cpp">
      <Filter>Source Files\rbx\game\services\hopperbins</Filter>
    </ClCompile>
    <ClCompile Include="gametool.cpp">
      <Filter>Source Files\rbx\game\services\hopperbins</Filter>
    </ClCompile>
    <ClCompile Include="brickcolor.cpp">
      <Filter>Source Files\rbx\game\services\reflection</Filter>
    </ClCompile>
    <ClCompile Include="guid.cpp">
      <Filter>Source Files\rbx\game\services\network</Filter>
    </ClCompile>
    <ClCompile Include="GuiBox.cpp">
      <Filter>Source Files\rbx\game\gui</Filter>
    </ClCompile>
    <ClCompile Include="GuiButton.cpp">
      <Filter>Source Files\rbx\game\gui</Filter>
    </ClCompile>
    <ClCompile Include="GuiHint.cpp">
      <Filter>Source Files\rbx\game\gui</Filter>
    </ClCompile>
    <ClCompile Include="GuiImage.cpp">
      <Filter>Source Files\rbx\game\gui</Filter>
    </ClCompile>
    <ClCompile Include="GuiImageButton.cpp">
      <Filter>Source Files\rbx\game\gui</Filter>
    </ClCompile>
    <ClCompile Include="GuiLabel.cpp">
      <Filter>Source Files\rbx\game\gui</Filter>
    </ClCompile>
    <ClCompile Include="GuiList.cpp">
      <Filter>Source Files\rbx\game\gui</Filter>
    </ClCompile>
    <ClCompile Include="GuiMessage.cpp">
      <Filter>Source Files\rbx\game\gui</Filter>
    </ClCompile>
    <ClCompile Include="GuiRoot.cpp">
      <Filter>Source Files\rbx\game\gui</Filter>
    </ClCompile>
    <ClCompile Include="CameraControlMenu.cpp">
      <Filter>Source Files\rbx\game\menus</Filter>
    </ClCompile>
    <ClCompile Include="application.cpp">
      <Filter>Source Files\rbx\game\app</Filter>
    </ClCompile>
    <ClCompile Include="appmanager.cpp">
      <Filter>Source Files\rbx\game\app</Filter>
    </ClCompile>
    <ClCompile Include="appSteps.cpp">
      <Filter>Source Files\rbx\game\app</Filter>
    </ClCompile>
    <ClCompile Include="classes.cpp">
      <Filter>Source Files\rbx\game</Filter>
    </ClCompile>
    <ClCompile Include="content.cpp">
      <Filter>Source Files\rbx\game\services</Filter>
    </ClCompile>
    <ClCompile Include="datamodel.cpp">
      <Filter>Source Files\rbx\game\services</Filter>
    </ClCompile>
    <ClCompile Include="crashreporter.cpp">
      <Filter>Source Files\rbx\game\services</Filter>
    </ClCompile>
    <ClCompile Include="ExplNgine.cpp">
      <Filter>Source Files\rbx\game\services\physics</Filter>
    </ClCompile>
    <ClCompile Include="jointservice.cpp">
      <Filter>Source Files\rbx\game\services\physics</Filter>
    </ClCompile>
    <ClCompile Include="instance.cpp">
      <Filter>Source Files\rbx\game\services</Filter>
    </ClCompile>
    <ClCompile Include="instancemt.cpp">
      <Filter>Source Files\rbx\game\lua</Filter>
    </ClCompile>
    <ClCompile Include="idserializer.cpp">
      <Filter>Source Files\rbx\game\services\network</Filter>
    </ClCompile>
    <ClCompile Include="iobfix.cpp">
      <Filter>Source Files\dep</Filter>
    </ClCompile>
    <ClCompile Include="..\include\lua\lapi.c">
      <Filter>Source Files\dep\lua</Filter>
    </ClCompile>
    <ClCompile Include="..\include\lua\lauxlib.c">
      <Filter>Source Files\dep\lua</Filter>
    </ClCompile>
    <ClCompile Include="..\include\lua\lbaselib.c">
      <Filter>Source Files\dep\lua</Filter>
    </ClCompile>
    <ClCompile Include="..\include\lua\lcode.c">
      <Filter>Source Files\dep\lua</Filter>
    </ClCompile>
    <ClCompile Include="..\include\lua\ldblib.c">
      <Filter>Source Files\dep\lua</Filter>
    </ClCompile>
    <ClCompile Include="..\include\lua\ldebug.c">
      <Filter>Source Files\dep\lua</Filter>
    </ClCompile>
    <ClCompile Include="..\include\lua\ldo.c">
      <Filter>Source Files\dep\lua</Filter>
    </ClCompile>
    <ClCompile Include="..\include\lua\ldump.c">
      <Filter>Source Files\dep\lua</Filter>
    </ClCompile>
    <ClCompile Include="..\include\lua\lfunc.c">
      <Filter>Source Files\dep\lua</Filter>
    </ClCompile>
    <ClCompile Include="..\include\lua\lgc.c">
      <Filter>Source Files\dep\lua</Filter>
    </ClCompile>
    <ClCompile Include="..\include\lua\linit.c">
      <Filter>Source Files\dep\lua</Filter>
    </ClCompile>
    <ClCompile Include="..\include\lua\liolib.c">
      <Filter>Source Files\dep\lua</Filter>
    </ClCompile>
    <ClCompile Include="..\include\lua\llex.c">
      <Filter>Source Files\dep\lua</Filter>
    </ClCompile>
    <ClCompile Include="..\include\lua\lmathlib.c">
      <Filter>Source Files\dep\lua</Filter>
    </ClCompile>
    <ClCompile Include="..\include\lua\lmem.c">
      <Filter>Source Files\dep\lua</Filter>
    </ClCompile>
    <ClCompile Include="..\include\lua\loadlib.c">
      <Filter>Source Files\dep\lua</Filter>
    </ClCompile>
    <ClCompile Include="..\include\lua\lobject.c">
      <Filter>Source Files\dep\lua</Filter>
    </ClCompile>
    <ClCompile Include="..\include\lua\lopcodes.c">
      <Filter>Source Files\dep\lua</Filter>
    </ClCompile>
    <ClCompile Include="..\include\lua\loslib.c">
      <Filter>Source Files\dep\lua</Filter>
    </ClCompile>
    <ClCompile Include="..\include\lua\lparser.c">
      <Filter>Source Files\dep\lua</Filter>
    </ClCompile>
    <ClCompile Include="..\include\lua\lstate.c">
      <Filter>Source Files\dep\lua</Filter>
    </ClCompile>
    <ClCompile Include="..\include\lua\lstring.c">
      <Filter>Source Files\dep\lua</Filter>
    </ClCompile>
    <ClCompile Include="..\include\lua\lstrlib.c">
      <Filter>Source Files\dep\lua</Filter>
    </ClCompile>
    <ClCompile Include="..\include\lua\ltablib.c">
      <Filter>Source Files\dep\lua</Filter>
    </ClCompile>
    <ClCompile Include="..\include\lua\ltable.c">
      <Filter>Source Files\dep\lua</Filter>
    </ClCompile>
    <ClCompile Include="..\include\lua\ltm.c">
      <Filter>Source Files\dep\lua</Filter>
    </ClCompile>
    <ClCompile Include="..\include\lua\lundump.c">
      <Filter>Source Files\dep\lua</Filter>
    </ClCompile>
    <ClCompile Include="..\include\lua\lvm.c">
      <Filter>Source Files\dep\lua</Filter>
    </ClCompile>
    <ClCompile Include="..\include\lua\lzio.c">
      <Filter>Source Files\dep\lua</Filter>
    </ClCompile>
    <ClCompile Include="..\include\lua\print.c">
      <Filter>Source Files\dep\lua</Filter>
    </ClCompile>
    <ClCompile Include="MenuBar.cpp">
      <Filter>Source Files\rbx\game\menus</Filter>
    </ClCompile>
    <ClCompile Include="motor.cpp">
      <Filter>Source Files\rbx\game\services\physics</Filter>
    </ClCompile>
    <ClCompile Include="decal.cpp">
      <Filter>Source Files\rbx\game\services\rendering</Filter>
    </ClCompile>
    <ClCompile Include="lighting.cpp">
      <Filter>Source Files\rbx\game\services</Filter>
    </ClCompile>
    <ClCompile Include="humanoid.cpp">
      <Filter>Source Files\rbx\game\services\thinkers</Filter>
    </ClCompile>
    <ClCompile Include="log.cpp">
      <Filter>Source Files\rbx\game\services</Filter>
    </ClCompile>
    <ClCompile Include="scene.cpp">
      <Filter>Source Files\rbx\game\services\rendering</Filter>
    </ClCompile>
    <ClCompile Include="md5.cpp">
      <Filter>Source Files\dep</Filter>
    </ClCompile>
    <ClCompile Include="mesh.cpp">
      <Filter>Source Files\rbx\game\services\rendering</Filter>
    </ClCompile>
    <ClCompile Include="model.cpp">
      <Filter>Source Files\rbx\game\services</Filter>
    </ClCompile>
    <ClCompile Include="oscontext.cpp">
      <Filter>Source Files\rbx\game\services\rendering\offscreen</Filter>
    </ClCompile>
    <ClCompile Include="luargs.cpp">
      <Filter>Source Files\rbx\game\lua</Filter>
    </ClCompile>
    <ClCompile Include="part.cpp">
      <Filter>Source Files\rbx\game\services\rendering</Filter>
    </ClCompile>
    <ClCompile Include="players.cpp">
      <Filter>Source Files\rbx\game\services</Filter>
    </ClCompile>
    <ClCompile Include="primitives.cpp">
      <Filter>Source Files\rbx\game\services\rendering</Filter>
    </ClCompile>
    <ClCompile Include="Mouse.cpp">
      <Filter>Source Files\rbx\game\services\rendering</Filter>
    </ClCompile>
    <ClCompile Include="poll.cpp">
      <Filter>Source Files\rbx\game\app\window</Filter>
    </ClCompile>
    <ClCompile Include="ray.cpp">
      <Filter>Source Files\rbx\game\services\thinkers\world</Filter>
    </ClCompile>
    <ClCompile Include="controller.cpp">
      <Filter>Source Files\rbx\game\services\thinkers\ctrl</Filter>
    </ClCompile>
    <ClCompile Include="keyboard.cpp">
      <Filter>Source Files\rbx\game\services\thinkers\ctrl</Filter>
    </ClCompile>
    <ClCompile Include="plr_controller.cpp">
      <Filter>Source Files\rbx\game\services\thinkers\ctrl</Filter>
    </ClCompile>
    <ClCompile Include="snaps.cpp">
      <Filter>Source Files\rbx\game\services\physics</Filter>
    </ClCompile>
    <ClCompile Include="runservice.cpp">
      <Filter>Source Files\rbx\game\services</Filter>
    </ClCompile>
    <ClCompile Include="scriptcontext.cpp">
      <Filter>Source Files\rbx\game\services</Filter>
    </ClCompile>
    <ClCompile Include="pvinstance.cpp">
      <Filter>Source Files\rbx\game\services\physics</Filter>
    </ClCompile>
    <ClCompile Include="stdout.cpp">
      <Filter>Source Files\rbx\game\services</Filter>
    </ClCompile>
    <ClCompile Include="thumbnailGenerator.cpp">
      <Filter>Source Files\rbx\game\services</Filter>
    </ClCompile>
    <ClCompile Include="valuebridge.cpp">
      <Filter>Source Files\rbx\game\lua</Filter>
    </ClCompile>
    <ClCompile Include="sound.cpp">
      <Filter>Source Files\rbx\game\services</Filter>
    </ClCompile>
    <ClCompile Include="selection.cpp">
      <Filter>Source Files\rbx\game\services</Filter>
    </ClCompile>
    <ClCompile Include="rightkeyboard.cpp">
      <Filter>Source Files\rbx\game\services\thinkers\ctrl</Filter>
    </ClCompile>
    <ClCompile Include="serializer.cpp">
      <Filter>Source Files\rbx\game\services</Filter>
    </ClCompile>
    <ClCompile Include="sounds.cpp">
      <Filter>Source Files\rbx\game\services</Filter>
    </ClCompile>
    <ClCompile Include="surfaces.cpp">
      <Filter>Source Files\rbx\game\services\rendering</Filter>
    </ClCompile>
    <ClCompile Include="view.cpp">
      <Filter>Source Files\rbx\game\services\rendering</Filter>
    </ClCompile>
    <ClCompile Include="workspace.cpp">
      <Filter>Source Files\rbx\game\services</Filter>
    </ClCompile>
    <ClCompile Include="physbody.cpp">
      <Filter>Source Files\rbx\game\services\physics</Filter>
    </ClCompile>
    <ClCompile Include="surfaceFactory.cpp">
      <Filter>Source Files</Filter>
    </ClCompile>
    <ClCompile Include="CInsertObjectDlg.cpp">
      <Filter>Source Files</Filter>
    </ClCompile>
    <ClCompile Include="contentprovider.cpp">
      <Filter>Source Files\rbx\game\services</Filter>
    </ClCompile>
    <ClCompile Include="CCommandBar.cpp">
      <Filter>Source Files</Filter>
    </ClCompile>
  </ItemGroup>
  <ItemGroup>
    <ResourceCompile Include="supergurymfc.rc">
      <Filter>Resource Files</Filter>
    </ResourceCompile>
  </ItemGroup>
  <ItemGroup>
    <Image Include="res\file_view.ico">
      <Filter>Resource Files</Filter>
    </Image>
    <Image Include="res\file_view_hc.ico">
      <Filter>Resource Files</Filter>
    </Image>
    <Image Include="res\class_view.ico">
      <Filter>Resource Files</Filter>
    </Image>
    <Image Include="res\class_view_hc.ico">
      <Filter>Resource Files</Filter>
    </Image>
    <Image Include="res\fileview.bmp">
      <Filter>Resource Files</Filter>
    </Image>
    <Image Include="res\fileview_hc.bmp">
      <Filter>Resource Files</Filter>
    </Image>
    <Image Include="res\classview.bmp">
      <Filter>Resource Files</Filter>
    </Image>
    <Image Include="res\classview_hc.bmp">
      <Filter>Resource Files</Filter>
    </Image>
    <Image Include="res\explorer.bmp">
      <Filter>Resource Files</Filter>
    </Image>
    <Image Include="res\explorer_hc.bmp">
      <Filter>Resource Files</Filter>
    </Image>
    <Image Include="res\sort.bmp">
      <Filter>Resource Files</Filter>
    </Image>
    <Image Include="res\sort_hc.bmp">
      <Filter>Resource Files</Filter>
    </Image>
    <Image Include="res\menuimages.bmp">
      <Filter>Resource Files</Filter>
    </Image>
    <Image Include="res\menuimages_hc.bmp">
      <Filter>Resource Files</Filter>
    </Image>
    <Image Include="res\output_wnd.ico">
      <Filter>Resource Files</Filter>
    </Image>
    <Image Include="res\output_wnd_hc.ico">
      <Filter>Resource Files</Filter>
    </Image>
    <Image Include="res\properties_wnd.ico">
      <Filter>Resource Files</Filter>
    </Image>
    <Image Include="res\properties_wnd_hc.ico">
      <Filter>Resource Files</Filter>
    </Image>
    <Image Include="res\properties.bmp">
      <Filter>Resource Files</Filter>
    </Image>
    <Image Include="res\properties_hc.bmp">
      <Filter>Resource Files</Filter>
    </Image>
    <Image Include="res\userimages.bmp">
      <Filter>Resource Files</Filter>
    </Image>
    <Image Include="res\supergurymfcDoc.ico">
      <Filter>Resource Files</Filter>
    </Image>
    <Image Include="res\supergurymfc.ico">
      <Filter>Resource Files</Filter>
    </Image>
    <Image Include="res\Toolbar.bmp">
      <Filter>Resource Files</Filter>
    </Image>
    <Image Include="res\Toolbar256.bmp">
      <Filter>Resource Files</Filter>
    </Image>
    <Image Include="res\toolbar1.bmp">
      <Filter>Resource Files</Filter>
    </Image>
    <Image Include="res\Runservice.bmp">
      <Filter>Resource Files</Filter>
    </Image>
    <Image Include="res\toolbar2.bmp">
      <Filter>Resource Files</Filter>
    </Image>
  </ItemGroup>
  <ItemGroup>
    <None Include="res\supergurymfc.rc2">
      <Filter>Resource Files</Filter>
    </None>
  </ItemGroup>
</Project>